
Microsoft Visual Studio Solution File, Format Version 12.00
# Visual Studio Version 16
VisualStudioVersion = 16.0.29613.14
MinimumVisualStudioVersion = 10.0.40219.1
Project("{FAE04EC0-301F-11D3-BF4B-00C04F79EFBC}") = "GtkApplication", "GtkApplication\GtkApplication.csproj", "{6A2773D6-99D0-47F7-A77A-14BE5EE53611}"
EndProject
Global
	GlobalSection(SolutionConfigurationPlatforms) = preSolution
		Debug|Any CPU = Debug|Any CPU
		Release|Any CPU = Release|Any CPU
	EndGlobalSection
	GlobalSection(ProjectConfigurationPlatforms) = postSolution
		{6A2773D6-99D0-47F7-A77A-14BE5EE53611}.Debug|Any CPU.ActiveCfg = Debug|Any CPU
		{6A2773D6-99D0-47F7-A77A-14BE5EE53611}.Debug|Any CPU.Build.0 = Debug|Any CPU
		{6A2773D6-99D0-47F7-A77A-14BE5EE53611}.Release|Any CPU.ActiveCfg = Release|Any CPU
		{6A2773D6-99D0-47F7-A77A-14BE5EE53611}.Release|Any CPU.Build.0 = Release|Any CPU
	EndGlobalSection
	GlobalSection(SolutionProperties) = preSolution
		HideSolutionNode = FALSE
	EndGlobalSection
	GlobalSection(ExtensibilityGlobals) = postSolution
		SolutionGuid = {C5A48FCE-5A27-473C-94E1-CE4D9AB8D668}
	EndGlobalSection
EndGlobal
